// !$*UTF8*$!
{
	archiveVersion = 1;
	classes = {
	};
	objectVersion = 46;
	objects = {

/* Begin PBXBuildFile section */
		08509D03DD268ED612A8DF68 /* Pods_OpenMind.framework in Frameworks */ = {isa = PBXBuildFile; fileRef = DC2626765EFE09D487AC4AB7 /* Pods_OpenMind.framework */; };
		250CA7281E7C37CA00E86F5A /* TodayTableViewController.swift in Sources */ = {isa = PBXBuildFile; fileRef = 250CA7271E7C37CA00E86F5A /* TodayTableViewController.swift */; };
		25100AA91E5B92FA005B0348 /* RESTCommunication.swift in Sources */ = {isa = PBXBuildFile; fileRef = 25100AA81E5B92FA005B0348 /* RESTCommunication.swift */; };
		2516222A1E7DFD07001A1337 /* InsightsTableViewCell.swift in Sources */ = {isa = PBXBuildFile; fileRef = 251622281E7DFD07001A1337 /* InsightsTableViewCell.swift */; };
		2516222B1E7DFD07001A1337 /* InsightsTableViewController.swift in Sources */ = {isa = PBXBuildFile; fileRef = 251622291E7DFD07001A1337 /* InsightsTableViewController.swift */; };
		253100641E63BA19009AD1A2 /* GoogleService-Info.plist in Resources */ = {isa = PBXBuildFile; fileRef = 253100631E63BA19009AD1A2 /* GoogleService-Info.plist */; };
		254201F91E5F967F004B6592 /* AdSupport.framework in Frameworks */ = {isa = PBXBuildFile; fileRef = 254201F81E5F967F004B6592 /* AdSupport.framework */; };
		256419971E3EF0FF00BB0009 /* HealthKit.framework in Frameworks */ = {isa = PBXBuildFile; fileRef = 256419961E3EF0FF00BB0009 /* HealthKit.framework */; };
		257847171E7B92BE00B232D1 /* TodayTableView.swift in Sources */ = {isa = PBXBuildFile; fileRef = 257847161E7B92BE00B232D1 /* TodayTableView.swift */; };
		257847191E7B935E00B232D1 /* TodayTableViewCell.swift in Sources */ = {isa = PBXBuildFile; fileRef = 257847181E7B935E00B232D1 /* TodayTableViewCell.swift */; };
		25920C821E457C5400B07EAB /* PhysicalActivityManager.swift in Sources */ = {isa = PBXBuildFile; fileRef = 256419931E3EF07C00BB0009 /* PhysicalActivityManager.swift */; };
		25E82B0C1E4BE8D800BEE11F /* SignInViewController.swift in Sources */ = {isa = PBXBuildFile; fileRef = 25E82B0B1E4BE8D800BEE11F /* SignInViewController.swift */; };
		8C2B93731E7740BA00A6DA00 /* APIConnection.swift in Sources */ = {isa = PBXBuildFile; fileRef = 8C2B93701E7740BA00A6DA00 /* APIConnection.swift */; };
		8C2B93741E7740BA00A6DA00 /* ServerEndpoints.swift in Sources */ = {isa = PBXBuildFile; fileRef = 8C2B93711E7740BA00A6DA00 /* ServerEndpoints.swift */; };
		8C2B93751E7740BA00A6DA00 /* testViewController.swift in Sources */ = {isa = PBXBuildFile; fileRef = 8C2B93721E7740BA00A6DA00 /* testViewController.swift */; };
		8CA22CF51E679EE600E19B6E /* AddJournalEntryViewController.swift in Sources */ = {isa = PBXBuildFile; fileRef = 8CA22CF11E679EE600E19B6E /* AddJournalEntryViewController.swift */; };
		8CA22CF61E679EE600E19B6E /* HistoryTableViewCell.swift in Sources */ = {isa = PBXBuildFile; fileRef = 8CA22CF21E679EE600E19B6E /* HistoryTableViewCell.swift */; };
		8CA22CF71E679EE600E19B6E /* JournalHistoryTableViewController.swift in Sources */ = {isa = PBXBuildFile; fileRef = 8CA22CF31E679EE600E19B6E /* JournalHistoryTableViewController.swift */; };
		8CA22CF81E679EE600E19B6E /* History.swift in Sources */ = {isa = PBXBuildFile; fileRef = 8CA22CF41E679EE600E19B6E /* History.swift */; };
		8CBB1DEC1E7B2111003BCE89 /* IndividualJournalPageViewController.swift in Sources */ = {isa = PBXBuildFile; fileRef = 8CBB1DEB1E7B2111003BCE89 /* IndividualJournalPageViewController.swift */; };
		8CCC4DE41E7DBF6200FD8A96 /* DashBoardViewController.swift in Sources */ = {isa = PBXBuildFile; fileRef = 8CCC4DE31E7DBF6200FD8A96 /* DashBoardViewController.swift */; };
		8CCC4DE81E7DDA9D00FD8A96 /* ExampleDefaults.swift in Sources */ = {isa = PBXBuildFile; fileRef = 8CCC4DE71E7DDA9D00FD8A96 /* ExampleDefaults.swift */; };
		8CCC4DEA1E7DDDD500FD8A96 /* Env.swift in Sources */ = {isa = PBXBuildFile; fileRef = 8CCC4DE91E7DDDD500FD8A96 /* Env.swift */; };
		8CD03EC21E79AB9900C269C1 /* DateFormatting.swift in Sources */ = {isa = PBXBuildFile; fileRef = 8CD03EC11E79AB9900C269C1 /* DateFormatting.swift */; };
		922CDE4C1E7487C2003598D5 /* GraphViewController.swift in Sources */ = {isa = PBXBuildFile; fileRef = 922CDE4B1E7487C1003598D5 /* GraphViewController.swift */; };
		925C95B11E7DF1820019E2FC /* MessageComposer.swift in Sources */ = {isa = PBXBuildFile; fileRef = 925C95B01E7DF1820019E2FC /* MessageComposer.swift */; };
		92A77E5E1E722E7C00421A4E /* LineChart.swift in Sources */ = {isa = PBXBuildFile; fileRef = 92A77E5D1E722E7C00421A4E /* LineChart.swift */; };
		92D708A31E341F4C00CBD84B /* AppDelegate.swift in Sources */ = {isa = PBXBuildFile; fileRef = 92D708A21E341F4C00CBD84B /* AppDelegate.swift */; };
		92D708AA1E341F4C00CBD84B /* Main.storyboard in Resources */ = {isa = PBXBuildFile; fileRef = 92D708A81E341F4C00CBD84B /* Main.storyboard */; };
		92D708AC1E341F4C00CBD84B /* Assets.xcassets in Resources */ = {isa = PBXBuildFile; fileRef = 92D708AB1E341F4C00CBD84B /* Assets.xcassets */; };
		92D708AF1E341F4C00CBD84B /* LaunchScreen.storyboard in Resources */ = {isa = PBXBuildFile; fileRef = 92D708AD1E341F4C00CBD84B /* LaunchScreen.storyboard */; };
		92D708BA1E341F4C00CBD84B /* OpenMindTests.swift in Sources */ = {isa = PBXBuildFile; fileRef = 92D708B91E341F4C00CBD84B /* OpenMindTests.swift */; };
		92D708C71E3433DA00CBD84B /* InsightViewController.swift in Sources */ = {isa = PBXBuildFile; fileRef = 92D708C61E3433DA00CBD84B /* InsightViewController.swift */; };
		92D708CB1E34354B00CBD84B /* ContactsViewController.swift in Sources */ = {isa = PBXBuildFile; fileRef = 92D708CA1E34354B00CBD84B /* ContactsViewController.swift */; };
		92D708CD1E34356A00CBD84B /* HomeViewController.swift in Sources */ = {isa = PBXBuildFile; fileRef = 92D708CC1E34356A00CBD84B /* HomeViewController.swift */; };
		92D708CF1E34358300CBD84B /* TrendsViewController.swift in Sources */ = {isa = PBXBuildFile; fileRef = 92D708CE1E34358300CBD84B /* TrendsViewController.swift */; };
		92D708D11E3436D300CBD84B /* SettingsViewController.swift in Sources */ = {isa = PBXBuildFile; fileRef = 92D708D01E3436D300CBD84B /* SettingsViewController.swift */; };
		D00865734C7388DE71EE8CE1 /* Pods_OpenMindTests.framework in Frameworks */ = {isa = PBXBuildFile; fileRef = 42DB759203604820F57A8070 /* Pods_OpenMindTests.framework */; };
/* End PBXBuildFile section */

/* Begin PBXContainerItemProxy section */
		92D708B61E341F4C00CBD84B /* PBXContainerItemProxy */ = {
			isa = PBXContainerItemProxy;
			containerPortal = 92D708971E341F4C00CBD84B /* Project object */;
			proxyType = 1;
			remoteGlobalIDString = 92D7089E1E341F4C00CBD84B;
			remoteInfo = OpenMind;
		};
/* End PBXContainerItemProxy section */

/* Begin PBXCopyFilesBuildPhase section */
		256419921E3EEF4B00BB0009 /* Embed Frameworks */ = {
			isa = PBXCopyFilesBuildPhase;
			buildActionMask = 2147483647;
			dstPath = "";
			dstSubfolderSpec = 10;
			files = (
			);
			name = "Embed Frameworks";
			runOnlyForDeploymentPostprocessing = 0;
		};
/* End PBXCopyFilesBuildPhase section */

/* Begin PBXFileReference section */
		053673C221E0A2C76DCDA253 /* Pods-OpenMindTests.release.xcconfig */ = {isa = PBXFileReference; includeInIndex = 1; lastKnownFileType = text.xcconfig; name = "Pods-OpenMindTests.release.xcconfig"; path = "Pods/Target Support Files/Pods-OpenMindTests/Pods-OpenMindTests.release.xcconfig"; sourceTree = "<group>"; };
		250CA7271E7C37CA00E86F5A /* TodayTableViewController.swift */ = {isa = PBXFileReference; fileEncoding = 4; lastKnownFileType = sourcecode.swift; path = TodayTableViewController.swift; sourceTree = "<group>"; };
		25100AA81E5B92FA005B0348 /* RESTCommunication.swift */ = {isa = PBXFileReference; fileEncoding = 4; lastKnownFileType = sourcecode.swift; path = RESTCommunication.swift; sourceTree = "<group>"; };
		251622281E7DFD07001A1337 /* InsightsTableViewCell.swift */ = {isa = PBXFileReference; fileEncoding = 4; lastKnownFileType = sourcecode.swift; path = InsightsTableViewCell.swift; sourceTree = "<group>"; };
		251622291E7DFD07001A1337 /* InsightsTableViewController.swift */ = {isa = PBXFileReference; fileEncoding = 4; lastKnownFileType = sourcecode.swift; path = InsightsTableViewController.swift; sourceTree = "<group>"; };
		253100631E63BA19009AD1A2 /* GoogleService-Info.plist */ = {isa = PBXFileReference; fileEncoding = 4; lastKnownFileType = text.plist.xml; path = "GoogleService-Info.plist"; sourceTree = "<group>"; };
		254201F81E5F967F004B6592 /* AdSupport.framework */ = {isa = PBXFileReference; lastKnownFileType = wrapper.framework; name = AdSupport.framework; path = System/Library/Frameworks/AdSupport.framework; sourceTree = SDKROOT; };
		256419931E3EF07C00BB0009 /* PhysicalActivityManager.swift */ = {isa = PBXFileReference; fileEncoding = 4; lastKnownFileType = sourcecode.swift; name = PhysicalActivityManager.swift; path = "Physical Activity/PhysicalActivityManager.swift"; sourceTree = "<group>"; };
		256419951E3EF0FF00BB0009 /* OpenMind.entitlements */ = {isa = PBXFileReference; lastKnownFileType = text.plist.entitlements; path = OpenMind.entitlements; sourceTree = "<group>"; };
		256419961E3EF0FF00BB0009 /* HealthKit.framework */ = {isa = PBXFileReference; lastKnownFileType = wrapper.framework; name = HealthKit.framework; path = System/Library/Frameworks/HealthKit.framework; sourceTree = SDKROOT; };
		2570ED5F1E3D4DF100929B84 /* OpenMind-Bridging-Header.h */ = {isa = PBXFileReference; lastKnownFileType = sourcecode.c.h; path = "OpenMind-Bridging-Header.h"; sourceTree = "<group>"; };
		257847161E7B92BE00B232D1 /* TodayTableView.swift */ = {isa = PBXFileReference; fileEncoding = 4; lastKnownFileType = sourcecode.swift; path = TodayTableView.swift; sourceTree = "<group>"; };
		257847181E7B935E00B232D1 /* TodayTableViewCell.swift */ = {isa = PBXFileReference; fileEncoding = 4; lastKnownFileType = sourcecode.swift; path = TodayTableViewCell.swift; sourceTree = "<group>"; };
		25E82B0B1E4BE8D800BEE11F /* SignInViewController.swift */ = {isa = PBXFileReference; fileEncoding = 4; lastKnownFileType = sourcecode.swift; path = SignInViewController.swift; sourceTree = "<group>"; };
		3C69791396948315E706ABC3 /* Pods-OpenMind.release.xcconfig */ = {isa = PBXFileReference; includeInIndex = 1; lastKnownFileType = text.xcconfig; name = "Pods-OpenMind.release.xcconfig"; path = "Pods/Target Support Files/Pods-OpenMind/Pods-OpenMind.release.xcconfig"; sourceTree = "<group>"; };
		42DB759203604820F57A8070 /* Pods_OpenMindTests.framework */ = {isa = PBXFileReference; explicitFileType = wrapper.framework; includeInIndex = 0; path = Pods_OpenMindTests.framework; sourceTree = BUILT_PRODUCTS_DIR; };
		8C2B93701E7740BA00A6DA00 /* APIConnection.swift */ = {isa = PBXFileReference; fileEncoding = 4; lastKnownFileType = sourcecode.swift; path = APIConnection.swift; sourceTree = "<group>"; };
		8C2B93711E7740BA00A6DA00 /* ServerEndpoints.swift */ = {isa = PBXFileReference; fileEncoding = 4; lastKnownFileType = sourcecode.swift; path = ServerEndpoints.swift; sourceTree = "<group>"; };
		8C2B93721E7740BA00A6DA00 /* testViewController.swift */ = {isa = PBXFileReference; fileEncoding = 4; lastKnownFileType = sourcecode.swift; path = testViewController.swift; sourceTree = "<group>"; };
		8CA22CF11E679EE600E19B6E /* AddJournalEntryViewController.swift */ = {isa = PBXFileReference; fileEncoding = 4; lastKnownFileType = sourcecode.swift; path = AddJournalEntryViewController.swift; sourceTree = "<group>"; };
		8CA22CF21E679EE600E19B6E /* HistoryTableViewCell.swift */ = {isa = PBXFileReference; fileEncoding = 4; lastKnownFileType = sourcecode.swift; path = HistoryTableViewCell.swift; sourceTree = "<group>"; };
		8CA22CF31E679EE600E19B6E /* JournalHistoryTableViewController.swift */ = {isa = PBXFileReference; fileEncoding = 4; lastKnownFileType = sourcecode.swift; path = JournalHistoryTableViewController.swift; sourceTree = "<group>"; };
		8CA22CF41E679EE600E19B6E /* History.swift */ = {isa = PBXFileReference; fileEncoding = 4; lastKnownFileType = sourcecode.swift; path = History.swift; sourceTree = "<group>"; };
		8CBB1DEB1E7B2111003BCE89 /* IndividualJournalPageViewController.swift */ = {isa = PBXFileReference; fileEncoding = 4; lastKnownFileType = sourcecode.swift; path = IndividualJournalPageViewController.swift; sourceTree = "<group>"; };
		8CCC4DE31E7DBF6200FD8A96 /* DashBoardViewController.swift */ = {isa = PBXFileReference; fileEncoding = 4; lastKnownFileType = sourcecode.swift; path = DashBoardViewController.swift; sourceTree = "<group>"; };
		8CCC4DE71E7DDA9D00FD8A96 /* ExampleDefaults.swift */ = {isa = PBXFileReference; fileEncoding = 4; lastKnownFileType = sourcecode.swift; path = ExampleDefaults.swift; sourceTree = "<group>"; };
		8CCC4DE91E7DDDD500FD8A96 /* Env.swift */ = {isa = PBXFileReference; fileEncoding = 4; lastKnownFileType = sourcecode.swift; path = Env.swift; sourceTree = "<group>"; };
		8CD03EC11E79AB9900C269C1 /* DateFormatting.swift */ = {isa = PBXFileReference; fileEncoding = 4; lastKnownFileType = sourcecode.swift; path = DateFormatting.swift; sourceTree = "<group>"; };
		922CDE4B1E7487C1003598D5 /* GraphViewController.swift */ = {isa = PBXFileReference; fileEncoding = 4; lastKnownFileType = sourcecode.swift; path = GraphViewController.swift; sourceTree = "<group>"; };
		925C95B01E7DF1820019E2FC /* MessageComposer.swift */ = {isa = PBXFileReference; fileEncoding = 4; lastKnownFileType = sourcecode.swift; path = MessageComposer.swift; sourceTree = "<group>"; };
		92A77E5D1E722E7C00421A4E /* LineChart.swift */ = {isa = PBXFileReference; fileEncoding = 4; lastKnownFileType = sourcecode.swift; path = LineChart.swift; sourceTree = "<group>"; };
		92D7089F1E341F4C00CBD84B /* OpenMind.app */ = {isa = PBXFileReference; explicitFileType = wrapper.application; includeInIndex = 0; path = OpenMind.app; sourceTree = BUILT_PRODUCTS_DIR; };
		92D708A21E341F4C00CBD84B /* AppDelegate.swift */ = {isa = PBXFileReference; lastKnownFileType = sourcecode.swift; path = AppDelegate.swift; sourceTree = "<group>"; };
		92D708A91E341F4C00CBD84B /* Base */ = {isa = PBXFileReference; lastKnownFileType = file.storyboard; name = Base; path = Base.lproj/Main.storyboard; sourceTree = "<group>"; };
		92D708AB1E341F4C00CBD84B /* Assets.xcassets */ = {isa = PBXFileReference; lastKnownFileType = folder.assetcatalog; path = Assets.xcassets; sourceTree = "<group>"; };
		92D708AE1E341F4C00CBD84B /* Base */ = {isa = PBXFileReference; lastKnownFileType = file.storyboard; name = Base; path = Base.lproj/LaunchScreen.storyboard; sourceTree = "<group>"; };
		92D708B01E341F4C00CBD84B /* Info.plist */ = {isa = PBXFileReference; lastKnownFileType = text.plist.xml; path = Info.plist; sourceTree = "<group>"; };
		92D708B51E341F4C00CBD84B /* OpenMindTests.xctest */ = {isa = PBXFileReference; explicitFileType = wrapper.cfbundle; includeInIndex = 0; path = OpenMindTests.xctest; sourceTree = BUILT_PRODUCTS_DIR; };
		92D708B91E341F4C00CBD84B /* OpenMindTests.swift */ = {isa = PBXFileReference; lastKnownFileType = sourcecode.swift; path = OpenMindTests.swift; sourceTree = "<group>"; };
		92D708BB1E341F4C00CBD84B /* Info.plist */ = {isa = PBXFileReference; lastKnownFileType = text.plist.xml; path = Info.plist; sourceTree = "<group>"; };
		92D708C61E3433DA00CBD84B /* InsightViewController.swift */ = {isa = PBXFileReference; fileEncoding = 4; lastKnownFileType = sourcecode.swift; path = InsightViewController.swift; sourceTree = "<group>"; };
		92D708CA1E34354B00CBD84B /* ContactsViewController.swift */ = {isa = PBXFileReference; fileEncoding = 4; lastKnownFileType = sourcecode.swift; path = ContactsViewController.swift; sourceTree = "<group>"; };
		92D708CC1E34356A00CBD84B /* HomeViewController.swift */ = {isa = PBXFileReference; fileEncoding = 4; lastKnownFileType = sourcecode.swift; path = HomeViewController.swift; sourceTree = "<group>"; };
		92D708CE1E34358300CBD84B /* TrendsViewController.swift */ = {isa = PBXFileReference; fileEncoding = 4; lastKnownFileType = sourcecode.swift; path = TrendsViewController.swift; sourceTree = "<group>"; };
		92D708D01E3436D300CBD84B /* SettingsViewController.swift */ = {isa = PBXFileReference; fileEncoding = 4; lastKnownFileType = sourcecode.swift; path = SettingsViewController.swift; sourceTree = "<group>"; };
		A5E54302A91613160C000241 /* Pods-OpenMindTests.debug.xcconfig */ = {isa = PBXFileReference; includeInIndex = 1; lastKnownFileType = text.xcconfig; name = "Pods-OpenMindTests.debug.xcconfig"; path = "Pods/Target Support Files/Pods-OpenMindTests/Pods-OpenMindTests.debug.xcconfig"; sourceTree = "<group>"; };
		DC2626765EFE09D487AC4AB7 /* Pods_OpenMind.framework */ = {isa = PBXFileReference; explicitFileType = wrapper.framework; includeInIndex = 0; path = Pods_OpenMind.framework; sourceTree = BUILT_PRODUCTS_DIR; };
		EE40E6379015136E03F122B0 /* Pods-OpenMind.debug.xcconfig */ = {isa = PBXFileReference; includeInIndex = 1; lastKnownFileType = text.xcconfig; name = "Pods-OpenMind.debug.xcconfig"; path = "Pods/Target Support Files/Pods-OpenMind/Pods-OpenMind.debug.xcconfig"; sourceTree = "<group>"; };
/* End PBXFileReference section */

/* Begin PBXFrameworksBuildPhase section */
		92D7089C1E341F4C00CBD84B /* Frameworks */ = {
			isa = PBXFrameworksBuildPhase;
			buildActionMask = 2147483647;
			files = (
				254201F91E5F967F004B6592 /* AdSupport.framework in Frameworks */,
				256419971E3EF0FF00BB0009 /* HealthKit.framework in Frameworks */,
				08509D03DD268ED612A8DF68 /* Pods_OpenMind.framework in Frameworks */,
			);
			runOnlyForDeploymentPostprocessing = 0;
		};
		92D708B21E341F4C00CBD84B /* Frameworks */ = {
			isa = PBXFrameworksBuildPhase;
			buildActionMask = 2147483647;
			files = (
				D00865734C7388DE71EE8CE1 /* Pods_OpenMindTests.framework in Frameworks */,
			);
			runOnlyForDeploymentPostprocessing = 0;
		};
/* End PBXFrameworksBuildPhase section */

/* Begin PBXGroup section */
		2E884B89738139B9BFAF18BB /* Frameworks */ = {
			isa = PBXGroup;
			children = (
				254201F81E5F967F004B6592 /* AdSupport.framework */,
				256419961E3EF0FF00BB0009 /* HealthKit.framework */,
				DC2626765EFE09D487AC4AB7 /* Pods_OpenMind.framework */,
				42DB759203604820F57A8070 /* Pods_OpenMindTests.framework */,
			);
			name = Frameworks;
			sourceTree = "<group>";
		};
		52437DB490AAC26E53C13664 /* Pods */ = {
			isa = PBXGroup;
			children = (
				EE40E6379015136E03F122B0 /* Pods-OpenMind.debug.xcconfig */,
				3C69791396948315E706ABC3 /* Pods-OpenMind.release.xcconfig */,
				A5E54302A91613160C000241 /* Pods-OpenMindTests.debug.xcconfig */,
				053673C221E0A2C76DCDA253 /* Pods-OpenMindTests.release.xcconfig */,
			);
			name = Pods;
			sourceTree = "<group>";
		};
		8C2B93691E773EA600A6DA00 /* ServerConnection */ = {
			isa = PBXGroup;
			children = (
				8C2B93701E7740BA00A6DA00 /* APIConnection.swift */,
				8C2B93711E7740BA00A6DA00 /* ServerEndpoints.swift */,
				8C2B93721E7740BA00A6DA00 /* testViewController.swift */,
			);
			name = ServerConnection;
			sourceTree = "<group>";
		};
		8C2B936A1E773ED400A6DA00 /* Journaling */ = {
			isa = PBXGroup;
			children = (
				8CA22CF11E679EE600E19B6E /* AddJournalEntryViewController.swift */,
				8CA22CF21E679EE600E19B6E /* HistoryTableViewCell.swift */,
				8CA22CF31E679EE600E19B6E /* JournalHistoryTableViewController.swift */,
				8CA22CF41E679EE600E19B6E /* History.swift */,
				8CBB1DEB1E7B2111003BCE89 /* IndividualJournalPageViewController.swift */,
			);
			name = Journaling;
			sourceTree = "<group>";
		};
		8C2B936B1E773EF700A6DA00 /* Insights */ = {
			isa = PBXGroup;
			children = (
				251622281E7DFD07001A1337 /* InsightsTableViewCell.swift */,
				251622291E7DFD07001A1337 /* InsightsTableViewController.swift */,
				92D708C61E3433DA00CBD84B /* InsightViewController.swift */,
			);
			name = Insights;
			sourceTree = "<group>";
		};
		8C2B936C1E773F0200A6DA00 /* Contacts */ = {
			isa = PBXGroup;
			children = (
				92D708CA1E34354B00CBD84B /* ContactsViewController.swift */,
				925C95B01E7DF1820019E2FC /* MessageComposer.swift */,
			);
			name = Contacts;
			sourceTree = "<group>";
		};
		8C2B936D1E773F0B00A6DA00 /* Trends */ = {
			isa = PBXGroup;
			children = (
				92D708CE1E34358300CBD84B /* TrendsViewController.swift */,
				922CDE4B1E7487C1003598D5 /* GraphViewController.swift */,
			);
			name = Trends;
			sourceTree = "<group>";
		};
		8C2B936E1E773F1000A6DA00 /* Settings */ = {
			isa = PBXGroup;
			children = (
				92D708D01E3436D300CBD84B /* SettingsViewController.swift */,
			);
			name = Settings;
			sourceTree = "<group>";
		};
		8C2B936F1E77403900A6DA00 /* Home */ = {
			isa = PBXGroup;
			children = (
				8CCC4DE91E7DDDD500FD8A96 /* Env.swift */,
				8CCC4DE71E7DDA9D00FD8A96 /* ExampleDefaults.swift */,
				8CCC4DE31E7DBF6200FD8A96 /* DashBoardViewController.swift */,
				92D708CC1E34356A00CBD84B /* HomeViewController.swift */,
				257847161E7B92BE00B232D1 /* TodayTableView.swift */,
				257847181E7B935E00B232D1 /* TodayTableViewCell.swift */,
				250CA7271E7C37CA00E86F5A /* TodayTableViewController.swift */,
			);
			name = Home;
			sourceTree = "<group>";
		};
		92D708961E341F4C00CBD84B = {
			isa = PBXGroup;
			children = (
				253100631E63BA19009AD1A2 /* GoogleService-Info.plist */,
				92D708A11E341F4C00CBD84B /* OpenMind */,
				92D708B81E341F4C00CBD84B /* OpenMindTests */,
				92D708A01E341F4C00CBD84B /* Products */,
				52437DB490AAC26E53C13664 /* Pods */,
				2E884B89738139B9BFAF18BB /* Frameworks */,
			);
			sourceTree = "<group>";
		};
		92D708A01E341F4C00CBD84B /* Products */ = {
			isa = PBXGroup;
			children = (
				92D7089F1E341F4C00CBD84B /* OpenMind.app */,
				92D708B51E341F4C00CBD84B /* OpenMindTests.xctest */,
			);
			name = Products;
			sourceTree = "<group>";
		};
		92D708A11E341F4C00CBD84B /* OpenMind */ = {
			isa = PBXGroup;
			children = (
				8C2B936F1E77403900A6DA00 /* Home */,
				8C2B936E1E773F1000A6DA00 /* Settings */,
				8C2B936D1E773F0B00A6DA00 /* Trends */,
				8C2B936C1E773F0200A6DA00 /* Contacts */,
				8C2B936B1E773EF700A6DA00 /* Insights */,
				8C2B936A1E773ED400A6DA00 /* Journaling */,
				8C2B93691E773EA600A6DA00 /* ServerConnection */,
				256419951E3EF0FF00BB0009 /* OpenMind.entitlements */,
				92D708A21E341F4C00CBD84B /* AppDelegate.swift */,
				92D708A81E341F4C00CBD84B /* Main.storyboard */,
				92D708AB1E341F4C00CBD84B /* Assets.xcassets */,
				92D708AD1E341F4C00CBD84B /* LaunchScreen.storyboard */,
				92D708B01E341F4C00CBD84B /* Info.plist */,
				2570ED5F1E3D4DF100929B84 /* OpenMind-Bridging-Header.h */,
				256419931E3EF07C00BB0009 /* PhysicalActivityManager.swift */,
				25E82B0B1E4BE8D800BEE11F /* SignInViewController.swift */,
				25100AA81E5B92FA005B0348 /* RESTCommunication.swift */,
				92A77E5D1E722E7C00421A4E /* LineChart.swift */,
				8CD03EC11E79AB9900C269C1 /* DateFormatting.swift */,
			);
			path = OpenMind;
			sourceTree = "<group>";
		};
		92D708B81E341F4C00CBD84B /* OpenMindTests */ = {
			isa = PBXGroup;
			children = (
				92D708B91E341F4C00CBD84B /* OpenMindTests.swift */,
				92D708BB1E341F4C00CBD84B /* Info.plist */,
			);
			path = OpenMindTests;
			sourceTree = "<group>";
		};
/* End PBXGroup section */

/* Begin PBXNativeTarget section */
		92D7089E1E341F4C00CBD84B /* OpenMind */ = {
			isa = PBXNativeTarget;
			buildConfigurationList = 92D708BE1E341F4C00CBD84B /* Build configuration list for PBXNativeTarget "OpenMind" */;
			buildPhases = (
				FFD08A6BE3A4506F5AB28FF1 /* [CP] Check Pods Manifest.lock */,
				92D7089B1E341F4C00CBD84B /* Sources */,
				92D7089C1E341F4C00CBD84B /* Frameworks */,
				92D7089D1E341F4C00CBD84B /* Resources */,
				FE944B543D53AA7E0B49E05D /* [CP] Embed Pods Frameworks */,
				4A03A5B3FE79E7DBE9203E23 /* [CP] Copy Pods Resources */,
				256419921E3EEF4B00BB0009 /* Embed Frameworks */,
			);
			buildRules = (
			);
			dependencies = (
			);
			name = OpenMind;
			productName = OpenMind;
			productReference = 92D7089F1E341F4C00CBD84B /* OpenMind.app */;
			productType = "com.apple.product-type.application";
		};
		92D708B41E341F4C00CBD84B /* OpenMindTests */ = {
			isa = PBXNativeTarget;
			buildConfigurationList = 92D708C11E341F4C00CBD84B /* Build configuration list for PBXNativeTarget "OpenMindTests" */;
			buildPhases = (
				09DBDE023839AC5895CE7062 /* [CP] Check Pods Manifest.lock */,
				92D708B11E341F4C00CBD84B /* Sources */,
				92D708B21E341F4C00CBD84B /* Frameworks */,
				92D708B31E341F4C00CBD84B /* Resources */,
				770500D23BEFC2EC14FAC75D /* [CP] Embed Pods Frameworks */,
				655092C4AB73CE18726735A4 /* [CP] Copy Pods Resources */,
			);
			buildRules = (
			);
			dependencies = (
				92D708B71E341F4C00CBD84B /* PBXTargetDependency */,
			);
			name = OpenMindTests;
			productName = OpenMindTests;
			productReference = 92D708B51E341F4C00CBD84B /* OpenMindTests.xctest */;
			productType = "com.apple.product-type.bundle.unit-test";
		};
/* End PBXNativeTarget section */

/* Begin PBXProject section */
		92D708971E341F4C00CBD84B /* Project object */ = {
			isa = PBXProject;
			attributes = {
				LastSwiftUpdateCheck = 0820;
				LastUpgradeCheck = 0820;
				ORGANIZATIONNAME = "Aly Haji";
				TargetAttributes = {
					92D7089E1E341F4C00CBD84B = {
						CreatedOnToolsVersion = 8.2.1;
						DevelopmentTeam = L8Y3RJ6QZX;
						LastSwiftMigration = 0820;
						ProvisioningStyle = Automatic;
						SystemCapabilities = {
							com.apple.HealthKit = {
								enabled = 1;
							};
						};
					};
					92D708B41E341F4C00CBD84B = {
						CreatedOnToolsVersion = 8.2.1;
						ProvisioningStyle = Automatic;
						TestTargetID = 92D7089E1E341F4C00CBD84B;
					};
				};
			};
			buildConfigurationList = 92D7089A1E341F4C00CBD84B /* Build configuration list for PBXProject "OpenMind" */;
			compatibilityVersion = "Xcode 3.2";
			developmentRegion = English;
			hasScannedForEncodings = 0;
			knownRegions = (
				en,
				Base,
			);
			mainGroup = 92D708961E341F4C00CBD84B;
			productRefGroup = 92D708A01E341F4C00CBD84B /* Products */;
			projectDirPath = "";
			projectRoot = "";
			targets = (
				92D7089E1E341F4C00CBD84B /* OpenMind */,
				92D708B41E341F4C00CBD84B /* OpenMindTests */,
			);
		};
/* End PBXProject section */

/* Begin PBXResourcesBuildPhase section */
		92D7089D1E341F4C00CBD84B /* Resources */ = {
			isa = PBXResourcesBuildPhase;
			buildActionMask = 2147483647;
			files = (
				92D708AF1E341F4C00CBD84B /* LaunchScreen.storyboard in Resources */,
				253100641E63BA19009AD1A2 /* GoogleService-Info.plist in Resources */,
				92D708AC1E341F4C00CBD84B /* Assets.xcassets in Resources */,
				92D708AA1E341F4C00CBD84B /* Main.storyboard in Resources */,
			);
			runOnlyForDeploymentPostprocessing = 0;
		};
		92D708B31E341F4C00CBD84B /* Resources */ = {
			isa = PBXResourcesBuildPhase;
			buildActionMask = 2147483647;
			files = (
			);
			runOnlyForDeploymentPostprocessing = 0;
		};
/* End PBXResourcesBuildPhase section */

/* Begin PBXShellScriptBuildPhase section */
		09DBDE023839AC5895CE7062 /* [CP] Check Pods Manifest.lock */ = {
			isa = PBXShellScriptBuildPhase;
			buildActionMask = 2147483647;
			files = (
			);
			inputPaths = (
			);
			name = "[CP] Check Pods Manifest.lock";
			outputPaths = (
			);
			runOnlyForDeploymentPostprocessing = 0;
			shellPath = /bin/sh;
			shellScript = "diff \"${PODS_ROOT}/../Podfile.lock\" \"${PODS_ROOT}/Manifest.lock\" > /dev/null\nif [ $? != 0 ] ; then\n    # print error to STDERR\n    echo \"error: The sandbox is not in sync with the Podfile.lock. Run 'pod install' or update your CocoaPods installation.\" >&2\n    exit 1\nfi\n";
			showEnvVarsInLog = 0;
		};
		4A03A5B3FE79E7DBE9203E23 /* [CP] Copy Pods Resources */ = {
			isa = PBXShellScriptBuildPhase;
			buildActionMask = 2147483647;
			files = (
			);
			inputPaths = (
			);
			name = "[CP] Copy Pods Resources";
			outputPaths = (
			);
			runOnlyForDeploymentPostprocessing = 0;
			shellPath = /bin/sh;
			shellScript = "\"${SRCROOT}/Pods/Target Support Files/Pods-OpenMind/Pods-OpenMind-resources.sh\"\n";
			showEnvVarsInLog = 0;
		};
		655092C4AB73CE18726735A4 /* [CP] Copy Pods Resources */ = {
			isa = PBXShellScriptBuildPhase;
			buildActionMask = 2147483647;
			files = (
			);
			inputPaths = (
			);
			name = "[CP] Copy Pods Resources";
			outputPaths = (
			);
			runOnlyForDeploymentPostprocessing = 0;
			shellPath = /bin/sh;
			shellScript = "\"${SRCROOT}/Pods/Target Support Files/Pods-OpenMindTests/Pods-OpenMindTests-resources.sh\"\n";
			showEnvVarsInLog = 0;
		};
		770500D23BEFC2EC14FAC75D /* [CP] Embed Pods Frameworks */ = {
			isa = PBXShellScriptBuildPhase;
			buildActionMask = 2147483647;
			files = (
			);
			inputPaths = (
			);
			name = "[CP] Embed Pods Frameworks";
			outputPaths = (
			);
			runOnlyForDeploymentPostprocessing = 0;
			shellPath = /bin/sh;
			shellScript = "\"${SRCROOT}/Pods/Target Support Files/Pods-OpenMindTests/Pods-OpenMindTests-frameworks.sh\"\n";
			showEnvVarsInLog = 0;
		};
		FE944B543D53AA7E0B49E05D /* [CP] Embed Pods Frameworks */ = {
			isa = PBXShellScriptBuildPhase;
			buildActionMask = 2147483647;
			files = (
			);
			inputPaths = (
			);
			name = "[CP] Embed Pods Frameworks";
			outputPaths = (
			);
			runOnlyForDeploymentPostprocessing = 0;
			shellPath = /bin/sh;
			shellScript = "\"${SRCROOT}/Pods/Target Support Files/Pods-OpenMind/Pods-OpenMind-frameworks.sh\"\n";
			showEnvVarsInLog = 0;
		};
		FFD08A6BE3A4506F5AB28FF1 /* [CP] Check Pods Manifest.lock */ = {
			isa = PBXShellScriptBuildPhase;
			buildActionMask = 2147483647;
			files = (
			);
			inputPaths = (
			);
			name = "[CP] Check Pods Manifest.lock";
			outputPaths = (
			);
			runOnlyForDeploymentPostprocessing = 0;
			shellPath = /bin/sh;
			shellScript = "diff \"${PODS_ROOT}/../Podfile.lock\" \"${PODS_ROOT}/Manifest.lock\" > /dev/null\nif [ $? != 0 ] ; then\n    # print error to STDERR\n    echo \"error: The sandbox is not in sync with the Podfile.lock. Run 'pod install' or update your CocoaPods installation.\" >&2\n    exit 1\nfi\n";
			showEnvVarsInLog = 0;
		};
/* End PBXShellScriptBuildPhase section */

/* Begin PBXSourcesBuildPhase section */
		92D7089B1E341F4C00CBD84B /* Sources */ = {
			isa = PBXSourcesBuildPhase;
			buildActionMask = 2147483647;
			files = (
				92D708CF1E34358300CBD84B /* TrendsViewController.swift in Sources */,
				2516222B1E7DFD07001A1337 /* InsightsTableViewController.swift in Sources */,
				8CCC4DEA1E7DDDD500FD8A96 /* Env.swift in Sources */,
				92D708CD1E34356A00CBD84B /* HomeViewController.swift in Sources */,
				250CA7281E7C37CA00E86F5A /* TodayTableViewController.swift in Sources */,
				8C2B93741E7740BA00A6DA00 /* ServerEndpoints.swift in Sources */,
				92D708A31E341F4C00CBD84B /* AppDelegate.swift in Sources */,
				925C95B11E7DF1820019E2FC /* MessageComposer.swift in Sources */,
				92D708C71E3433DA00CBD84B /* InsightViewController.swift in Sources */,
				92A77E5E1E722E7C00421A4E /* LineChart.swift in Sources */,
				257847171E7B92BE00B232D1 /* TodayTableView.swift in Sources */,
				8CA22CF61E679EE600E19B6E /* HistoryTableViewCell.swift in Sources */,
				8CD03EC21E79AB9900C269C1 /* DateFormatting.swift in Sources */,
				922CDE4C1E7487C2003598D5 /* GraphViewController.swift in Sources */,
				25100AA91E5B92FA005B0348 /* RESTCommunication.swift in Sources */,
				8CCC4DE81E7DDA9D00FD8A96 /* ExampleDefaults.swift in Sources */,
				257847191E7B935E00B232D1 /* TodayTableViewCell.swift in Sources */,
				8C2B93731E7740BA00A6DA00 /* APIConnection.swift in Sources */,
				25E82B0C1E4BE8D800BEE11F /* SignInViewController.swift in Sources */,
				8CCC4DE41E7DBF6200FD8A96 /* DashBoardViewController.swift in Sources */,
				8CA22CF81E679EE600E19B6E /* History.swift in Sources */,
				8C2B93751E7740BA00A6DA00 /* testViewController.swift in Sources */,
				8CA22CF51E679EE600E19B6E /* AddJournalEntryViewController.swift in Sources */,
				2516222A1E7DFD07001A1337 /* InsightsTableViewCell.swift in Sources */,
				92D708CB1E34354B00CBD84B /* ContactsViewController.swift in Sources */,
				8CBB1DEC1E7B2111003BCE89 /* IndividualJournalPageViewController.swift in Sources */,
				25920C821E457C5400B07EAB /* PhysicalActivityManager.swift in Sources */,
				92D708D11E3436D300CBD84B /* SettingsViewController.swift in Sources */,
				8CA22CF71E679EE600E19B6E /* JournalHistoryTableViewController.swift in Sources */,
			);
			runOnlyForDeploymentPostprocessing = 0;
		};
		92D708B11E341F4C00CBD84B /* Sources */ = {
			isa = PBXSourcesBuildPhase;
			buildActionMask = 2147483647;
			files = (
				92D708BA1E341F4C00CBD84B /* OpenMindTests.swift in Sources */,
			);
			runOnlyForDeploymentPostprocessing = 0;
		};
/* End PBXSourcesBuildPhase section */

/* Begin PBXTargetDependency section */
		92D708B71E341F4C00CBD84B /* PBXTargetDependency */ = {
			isa = PBXTargetDependency;
			target = 92D7089E1E341F4C00CBD84B /* OpenMind */;
			targetProxy = 92D708B61E341F4C00CBD84B /* PBXContainerItemProxy */;
		};
/* End PBXTargetDependency section */

/* Begin PBXVariantGroup section */
		92D708A81E341F4C00CBD84B /* Main.storyboard */ = {
			isa = PBXVariantGroup;
			children = (
				92D708A91E341F4C00CBD84B /* Base */,
			);
			name = Main.storyboard;
			sourceTree = "<group>";
		};
		92D708AD1E341F4C00CBD84B /* LaunchScreen.storyboard */ = {
			isa = PBXVariantGroup;
			children = (
				92D708AE1E341F4C00CBD84B /* Base */,
			);
			name = LaunchScreen.storyboard;
			sourceTree = "<group>";
		};
/* End PBXVariantGroup section */

/* Begin XCBuildConfiguration section */
		92D708BC1E341F4C00CBD84B /* Debug */ = {
			isa = XCBuildConfiguration;
			buildSettings = {
				ALWAYS_SEARCH_USER_PATHS = NO;
				CLANG_ANALYZER_NONNULL = YES;
				CLANG_CXX_LANGUAGE_STANDARD = "gnu++0x";
				CLANG_CXX_LIBRARY = "libc++";
				CLANG_ENABLE_MODULES = YES;
				CLANG_ENABLE_OBJC_ARC = YES;
				CLANG_WARN_BOOL_CONVERSION = YES;
				CLANG_WARN_CONSTANT_CONVERSION = YES;
				CLANG_WARN_DIRECT_OBJC_ISA_USAGE = YES_ERROR;
				CLANG_WARN_DOCUMENTATION_COMMENTS = YES;
				CLANG_WARN_EMPTY_BODY = YES;
				CLANG_WARN_ENUM_CONVERSION = YES;
				CLANG_WARN_INFINITE_RECURSION = YES;
				CLANG_WARN_INT_CONVERSION = YES;
				CLANG_WARN_OBJC_ROOT_CLASS = YES_ERROR;
				CLANG_WARN_SUSPICIOUS_MOVE = YES;
				CLANG_WARN_UNREACHABLE_CODE = YES;
				CLANG_WARN__DUPLICATE_METHOD_MATCH = YES;
				"CODE_SIGN_IDENTITY[sdk=iphoneos*]" = "iPhone Developer";
				COPY_PHASE_STRIP = NO;
				DEBUG_INFORMATION_FORMAT = dwarf;
				ENABLE_STRICT_OBJC_MSGSEND = YES;
				ENABLE_TESTABILITY = YES;
				GCC_C_LANGUAGE_STANDARD = gnu99;
				GCC_DYNAMIC_NO_PIC = NO;
				GCC_NO_COMMON_BLOCKS = YES;
				GCC_OPTIMIZATION_LEVEL = 0;
				GCC_PREPROCESSOR_DEFINITIONS = (
					"DEBUG=1",
					"$(inherited)",
				);
				GCC_WARN_64_TO_32_BIT_CONVERSION = YES;
				GCC_WARN_ABOUT_RETURN_TYPE = YES_ERROR;
				GCC_WARN_UNDECLARED_SELECTOR = YES;
				GCC_WARN_UNINITIALIZED_AUTOS = YES_AGGRESSIVE;
				GCC_WARN_UNUSED_FUNCTION = YES;
				GCC_WARN_UNUSED_VARIABLE = YES;
				IPHONEOS_DEPLOYMENT_TARGET = 10.2;
				MTL_ENABLE_DEBUG_INFO = YES;
				ONLY_ACTIVE_ARCH = YES;
				SDKROOT = iphoneos;
				SWIFT_ACTIVE_COMPILATION_CONDITIONS = DEBUG;
				SWIFT_OPTIMIZATION_LEVEL = "-Onone";
			};
			name = Debug;
		};
		92D708BD1E341F4C00CBD84B /* Release */ = {
			isa = XCBuildConfiguration;
			buildSettings = {
				ALWAYS_SEARCH_USER_PATHS = NO;
				CLANG_ANALYZER_NONNULL = YES;
				CLANG_CXX_LANGUAGE_STANDARD = "gnu++0x";
				CLANG_CXX_LIBRARY = "libc++";
				CLANG_ENABLE_MODULES = YES;
				CLANG_ENABLE_OBJC_ARC = YES;
				CLANG_WARN_BOOL_CONVERSION = YES;
				CLANG_WARN_CONSTANT_CONVERSION = YES;
				CLANG_WARN_DIRECT_OBJC_ISA_USAGE = YES_ERROR;
				CLANG_WARN_DOCUMENTATION_COMMENTS = YES;
				CLANG_WARN_EMPTY_BODY = YES;
				CLANG_WARN_ENUM_CONVERSION = YES;
				CLANG_WARN_INFINITE_RECURSION = YES;
				CLANG_WARN_INT_CONVERSION = YES;
				CLANG_WARN_OBJC_ROOT_CLASS = YES_ERROR;
				CLANG_WARN_SUSPICIOUS_MOVE = YES;
				CLANG_WARN_UNREACHABLE_CODE = YES;
				CLANG_WARN__DUPLICATE_METHOD_MATCH = YES;
				"CODE_SIGN_IDENTITY[sdk=iphoneos*]" = "iPhone Developer";
				COPY_PHASE_STRIP = NO;
				DEBUG_INFORMATION_FORMAT = "dwarf-with-dsym";
				ENABLE_NS_ASSERTIONS = NO;
				ENABLE_STRICT_OBJC_MSGSEND = YES;
				GCC_C_LANGUAGE_STANDARD = gnu99;
				GCC_NO_COMMON_BLOCKS = YES;
				GCC_WARN_64_TO_32_BIT_CONVERSION = YES;
				GCC_WARN_ABOUT_RETURN_TYPE = YES_ERROR;
				GCC_WARN_UNDECLARED_SELECTOR = YES;
				GCC_WARN_UNINITIALIZED_AUTOS = YES_AGGRESSIVE;
				GCC_WARN_UNUSED_FUNCTION = YES;
				GCC_WARN_UNUSED_VARIABLE = YES;
				IPHONEOS_DEPLOYMENT_TARGET = 10.2;
				MTL_ENABLE_DEBUG_INFO = NO;
				SDKROOT = iphoneos;
				SWIFT_OPTIMIZATION_LEVEL = "-Owholemodule";
				VALIDATE_PRODUCT = YES;
			};
			name = Release;
		};
		92D708BF1E341F4C00CBD84B /* Debug */ = {
			isa = XCBuildConfiguration;
			baseConfigurationReference = EE40E6379015136E03F122B0 /* Pods-OpenMind.debug.xcconfig */;
			buildSettings = {
				ALWAYS_EMBED_SWIFT_STANDARD_LIBRARIES = YES;
				ASSETCATALOG_COMPILER_APPICON_NAME = AppIcon;
				CLANG_ENABLE_MODULES = YES;
				CODE_SIGN_ENTITLEMENTS = OpenMind/OpenMind.entitlements;
				DEVELOPMENT_TEAM = L8Y3RJ6QZX;
				INFOPLIST_FILE = OpenMind/Info.plist;
				INFOPLIST_PREPROCESS = NO;
				LD_RUNPATH_SEARCH_PATHS = "$(inherited) @executable_path/Frameworks";
				PRODUCT_BUNDLE_IDENTIFIER = com.example.OpenMind;
				PRODUCT_NAME = "$(TARGET_NAME)";
				SWIFT_OBJC_BRIDGING_HEADER = "OpenMind/OpenMind-Bridging-Header.h";
				SWIFT_OPTIMIZATION_LEVEL = "-Onone";
				SWIFT_VERSION = 3.0;
			};
			name = Debug;
		};
		92D708C01E341F4C00CBD84B /* Release */ = {
			isa = XCBuildConfiguration;
			baseConfigurationReference = 3C69791396948315E706ABC3 /* Pods-OpenMind.release.xcconfig */;
			buildSettings = {
				ALWAYS_EMBED_SWIFT_STANDARD_LIBRARIES = YES;
				ASSETCATALOG_COMPILER_APPICON_NAME = AppIcon;
				CLANG_ENABLE_MODULES = YES;
				CODE_SIGN_ENTITLEMENTS = OpenMind/OpenMind.entitlements;
				DEVELOPMENT_TEAM = L8Y3RJ6QZX;
				INFOPLIST_FILE = OpenMind/Info.plist;
				INFOPLIST_PREPROCESS = NO;
				LD_RUNPATH_SEARCH_PATHS = "$(inherited) @executable_path/Frameworks";
				PRODUCT_BUNDLE_IDENTIFIER = com.example.OpenMind;
				PRODUCT_NAME = "$(TARGET_NAME)";
				SWIFT_OBJC_BRIDGING_HEADER = "OpenMind/OpenMind-Bridging-Header.h";
				SWIFT_VERSION = 3.0;
			};
			name = Release;
		};
		92D708C21E341F4C00CBD84B /* Debug */ = {
			isa = XCBuildConfiguration;
			baseConfigurationReference = A5E54302A91613160C000241 /* Pods-OpenMindTests.debug.xcconfig */;
			buildSettings = {
				ALWAYS_EMBED_SWIFT_STANDARD_LIBRARIES = YES;
				BUNDLE_LOADER = "$(TEST_HOST)";
				INFOPLIST_FILE = OpenMindTests/Info.plist;
				LD_RUNPATH_SEARCH_PATHS = "$(inherited) @executable_path/Frameworks @loader_path/Frameworks";
				PRODUCT_BUNDLE_IDENTIFIER = com.example.OpenMindTests;
				PRODUCT_NAME = "$(TARGET_NAME)";
				SWIFT_VERSION = 3.0;
				TEST_HOST = "$(BUILT_PRODUCTS_DIR)/OpenMind.app/OpenMind";
			};
			name = Debug;
		};
		92D708C31E341F4C00CBD84B /* Release */ = {
			isa = XCBuildConfiguration;
			baseConfigurationReference = 053673C221E0A2C76DCDA253 /* Pods-OpenMindTests.release.xcconfig */;
			buildSettings = {
				ALWAYS_EMBED_SWIFT_STANDARD_LIBRARIES = YES;
				BUNDLE_LOADER = "$(TEST_HOST)";
				INFOPLIST_FILE = OpenMindTests/Info.plist;
				LD_RUNPATH_SEARCH_PATHS = "$(inherited) @executable_path/Frameworks @loader_path/Frameworks";
				PRODUCT_BUNDLE_IDENTIFIER = com.example.OpenMindTests;
				PRODUCT_NAME = "$(TARGET_NAME)";
				SWIFT_VERSION = 3.0;
				TEST_HOST = "$(BUILT_PRODUCTS_DIR)/OpenMind.app/OpenMind";
			};
			name = Release;
		};
/* End XCBuildConfiguration section */

/* Begin XCConfigurationList section */
		92D7089A1E341F4C00CBD84B /* Build configuration list for PBXProject "OpenMind" */ = {
			isa = XCConfigurationList;
			buildConfigurations = (
				92D708BC1E341F4C00CBD84B /* Debug */,
				92D708BD1E341F4C00CBD84B /* Release */,
			);
			defaultConfigurationIsVisible = 0;
			defaultConfigurationName = Release;
		};
		92D708BE1E341F4C00CBD84B /* Build configuration list for PBXNativeTarget "OpenMind" */ = {
			isa = XCConfigurationList;
			buildConfigurations = (
				92D708BF1E341F4C00CBD84B /* Debug */,
				92D708C01E341F4C00CBD84B /* Release */,
			);
			defaultConfigurationIsVisible = 0;
			defaultConfigurationName = Release;
		};
		92D708C11E341F4C00CBD84B /* Build configuration list for PBXNativeTarget "OpenMindTests" */ = {
			isa = XCConfigurationList;
			buildConfigurations = (
				92D708C21E341F4C00CBD84B /* Debug */,
				92D708C31E341F4C00CBD84B /* Release */,
			);
			defaultConfigurationIsVisible = 0;
			defaultConfigurationName = Release;
		};
/* End XCConfigurationList section */
	};
	rootObject = 92D708971E341F4C00CBD84B /* Project object */;
}
